{
  "name": "server",
  "version": "1.0.0",
  "lockfileVersion": 2,
  "requires": true,
  "packages": {
    "": {
      "name": "server",
      "version": "1.0.0",
      "license": "ISC",
      "dependencies": {
        "mediasoup": "^3.9.5",
        "shelljs": "^0.8.5",
        "uuid": "^8.3.2",
        "ws": "^8.4.2"
      }
    },
    "node_modules/@types/node": {
      "version": "16.11.20",
      "resolved": "https://registry.npmjs.org/@types/node/-/node-16.11.20.tgz",
      "integrity": "sha512-lAKaZ0Lc1Umwd0AqLr6iy5U8u/1DpK7/JzNgQn9cMMUk2mFR8bbhEP8BQrI9Cm5CU0bOVCaWbkGBvgqKMOJHsw=="
    },
    "node_modules/balanced-match": {
      "version": "1.0.2",
      "resolved": "https://registry.npmjs.org/balanced-match/-/balanced-match-1.0.2.tgz",
      "integrity": "sha512-3oSeUO0TMV67hN1AmbXsK4yaqU7tjiHlbxRDZOpH0KW9+CeX4bRAaX0Anxt0tx2MrpRpWwQaPwIlISEJhYU5Pw=="
    },
    "node_modules/brace-expansion": {
      "version": "1.1.11",
      "resolved": "https://registry.npmjs.org/brace-expansion/-/brace-expansion-1.1.11.tgz",
      "integrity": "sha512-iCuPHDFgrHX7H2vEI/5xpz07zSHB00TpugqhmYtVmMO6518mCuRMoOYFldEBl0g187ufozdaHgWKcYFb61qGiA==",
      "dependencies": {
        "balanced-match": "^1.0.0",
        "concat-map": "0.0.1"
      }
    },
    "node_modules/concat-map": {
      "version": "0.0.1",
      "resolved": "https://registry.npmjs.org/concat-map/-/concat-map-0.0.1.tgz",
      "integrity": "sha1-2Klr13/Wjfd5OnMDajug1UBdR3s="
    },
    "node_modules/debug": {
      "version": "4.3.3",
      "resolved": "https://registry.npmjs.org/debug/-/debug-4.3.3.tgz",
      "integrity": "sha512-/zxw5+vh1Tfv+4Qn7a5nsbcJKPaSvCDhojn6FEl9vupwK2VCSDtEiEtqr8DFtzYFOdz63LBkxec7DYuc2jon6Q==",
      "dependencies": {
        "ms": "2.1.2"
      },
      "engines": {
        "node": ">=6.0"
      },
      "peerDependenciesMeta": {
        "supports-color": {
          "optional": true
        }
      }
    },
    "node_modules/fs.realpath": {
      "version": "1.0.0",
      "resolved": "https://registry.npmjs.org/fs.realpath/-/fs.realpath-1.0.0.tgz",
      "integrity": "sha1-FQStJSMVjKpA20onh8sBQRmU6k8="
    },
    "node_modules/function-bind": {
      "version": "1.1.1",
      "resolved": "https://registry.npmjs.org/function-bind/-/function-bind-1.1.1.tgz",
      "integrity": "sha512-yIovAzMX49sF8Yl58fSCWJ5svSLuaibPxXQJFLmBObTuCr0Mf1KiPopGM9NiFjiYBCbfaa2Fh6breQ6ANVTI0A=="
    },
    "node_modules/glob": {
      "version": "7.2.0",
      "resolved": "https://registry.npmjs.org/glob/-/glob-7.2.0.tgz",
      "integrity": "sha512-lmLf6gtyrPq8tTjSmrO94wBeQbFR3HbLHbuyD69wuyQkImp2hWqMGB47OX65FBkPffO641IP9jWa1z4ivqG26Q==",
      "dependencies": {
        "fs.realpath": "^1.0.0",
        "inflight": "^1.0.4",
        "inherits": "2",
        "minimatch": "^3.0.4",
        "once": "^1.3.0",
        "path-is-absolute": "^1.0.0"
      },
      "engines": {
        "node": "*"
      },
      "funding": {
        "url": "https://github.com/sponsors/isaacs"
      }
    },
    "node_modules/h264-profile-level-id": {
      "version": "1.0.1",
      "resolved": "https://registry.npmjs.org/h264-profile-level-id/-/h264-profile-level-id-1.0.1.tgz",
      "integrity": "sha512-D3Rln/jKNjKDW5ZTJTK3niSoOGE+pFqPvRHHVgQN3G7umcn/zWGPUo8Q8VpDj16x3hKz++zVviRNRmXu5cpN+Q==",
      "dependencies": {
        "debug": "^4.1.1"
      },
      "engines": {
        "node": ">=8.0.0"
      }
    },
    "node_modules/has": {
      "version": "1.0.3",
      "resolved": "https://registry.npmjs.org/has/-/has-1.0.3.tgz",
      "integrity": "sha512-f2dvO0VU6Oej7RkWJGrehjbzMAjFp5/VKPp5tTpWIV4JHHZK1/BxbFRtf/siA2SWTe09caDmVtYYzWEIbBS4zw==",
      "dependencies": {
        "function-bind": "^1.1.1"
      },
      "engines": {
        "node": ">= 0.4.0"
      }
    },
    "node_modules/inflight": {
      "version": "1.0.6",
      "resolved": "https://registry.npmjs.org/inflight/-/inflight-1.0.6.tgz",
      "integrity": "sha1-Sb1jMdfQLQwJvJEKEHW6gWW1bfk=",
      "dependencies": {
        "once": "^1.3.0",
        "wrappy": "1"
      }
    },
    "node_modules/inherits": {
      "version": "2.0.4",
      "resolved": "https://registry.npmjs.org/inherits/-/inherits-2.0.4.tgz",
      "integrity": "sha512-k/vGaX4/Yla3WzyMCvTQOXYeIHvqOKtnqBduzTHpzpQZzAskKMhZ2K+EnBiSM9zGSoIFeMpXKxa4dYeZIQqewQ=="
    },
    "node_modules/interpret": {
      "version": "1.4.0",
      "resolved": "https://registry.npmjs.org/interpret/-/interpret-1.4.0.tgz",
      "integrity": "sha512-agE4QfB2Lkp9uICn7BAqoscw4SZP9kTE2hxiFI3jBPmXJfdqiahTbUuKGsMoN2GtqL9AxhYioAcVvgsb1HvRbA==",
      "engines": {
        "node": ">= 0.10"
      }
    },
    "node_modules/is-core-module": {
      "version": "2.8.1",
      "resolved": "https://registry.npmjs.org/is-core-module/-/is-core-module-2.8.1.tgz",
      "integrity": "sha512-SdNCUs284hr40hFTFP6l0IfZ/RSrMXF3qgoRHd3/79unUTvrFO/JoXwkGm+5J/Oe3E/b5GsnG330uUNgRpu1PA==",
      "dependencies": {
        "has": "^1.0.3"
      },
      "funding": {
        "url": "https://github.com/sponsors/ljharb"
      }
    },
    "node_modules/mediasoup": {
      "version": "3.9.5",
      "resolved": "https://registry.npmjs.org/mediasoup/-/mediasoup-3.9.5.tgz",
      "integrity": "sha512-8lISnN5cbtSvdqHeuyxhCTFTHudoq/EpgLcDB0d0pT5RG18mZlHF5BwIBSkGxB/nWyeTfTGPpGBiNtKoubbRXA==",
      "hasInstallScript": true,
      "dependencies": {
        "@types/node": "^16.11.10",
        "debug": "^4.3.3",
        "h264-profile-level-id": "^1.0.1",
        "random-number": "^0.0.9",
        "supports-color": "^9.2.1",
        "uuid": "^8.3.2"
      },
      "engines": {
        "node": ">=12"
      },
      "funding": {
        "type": "opencollective",
        "url": "https://opencollective.com/mediasoup"
      }
    },
    "node_modules/minimatch": {
      "version": "3.0.4",
      "resolved": "https://registry.npmjs.org/minimatch/-/minimatch-3.0.4.tgz",
      "integrity": "sha512-yJHVQEhyqPLUTgt9B83PXu6W3rx4MvvHvSUvToogpwoGDOUQ+yDrR0HRot+yOCdCO7u4hX3pWft6kWBBcqh0UA==",
      "dependencies": {
        "brace-expansion": "^1.1.7"
      },
      "engines": {
        "node": "*"
      }
    },
    "node_modules/ms": {
      "version": "2.1.2",
      "resolved": "https://registry.npmjs.org/ms/-/ms-2.1.2.tgz",
      "integrity": "sha512-sGkPx+VjMtmA6MX27oA4FBFELFCZZ4S4XqeGOXCv68tT+jb3vk/RyaKWP0PTKyWtmLSM0b+adUTEvbs1PEaH2w=="
    },
    "node_modules/once": {
      "version": "1.4.0",
      "resolved": "https://registry.npmjs.org/once/-/once-1.4.0.tgz",
      "integrity": "sha1-WDsap3WWHUsROsF9nFC6753Xa9E=",
      "dependencies": {
        "wrappy": "1"
      }
    },
    "node_modules/path-is-absolute": {
      "version": "1.0.1",
      "resolved": "https://registry.npmjs.org/path-is-absolute/-/path-is-absolute-1.0.1.tgz",
      "integrity": "sha1-F0uSaHNVNP+8es5r9TpanhtcX18=",
      "engines": {
        "node": ">=0.10.0"
      }
    },
    "node_modules/path-parse": {
      "version": "1.0.7",
      "resolved": "https://registry.npmjs.org/path-parse/-/path-parse-1.0.7.tgz",
      "integrity": "sha512-LDJzPVEEEPR+y48z93A0Ed0yXb8pAByGWo/k5YYdYgpY2/2EsOsksJrq7lOHxryrVOn1ejG6oAp8ahvOIQD8sw=="
    },
    "node_modules/random-number": {
      "version": "0.0.9",
      "resolved": "https://registry.npmjs.org/random-number/-/random-number-0.0.9.tgz",
      "integrity": "sha512-ipG3kRCREi/YQpi2A5QGcvDz1KemohovWmH6qGfboVyyGdR2t/7zQz0vFxrfxpbHQgPPdtVlUDaks3aikD1Ljw=="
    },
    "node_modules/rechoir": {
      "version": "0.6.2",
      "resolved": "https://registry.npmjs.org/rechoir/-/rechoir-0.6.2.tgz",
      "integrity": "sha1-hSBLVNuoLVdC4oyWdW70OvUOM4Q=",
      "dependencies": {
        "resolve": "^1.1.6"
      },
      "engines": {
        "node": ">= 0.10"
      }
    },
    "node_modules/resolve": {
      "version": "1.21.0",
      "resolved": "https://registry.npmjs.org/resolve/-/resolve-1.21.0.tgz",
      "integrity": "sha512-3wCbTpk5WJlyE4mSOtDLhqQmGFi0/TD9VPwmiolnk8U0wRgMEktqCXd3vy5buTO3tljvalNvKrjHEfrd2WpEKA==",
      "dependencies": {
        "is-core-module": "^2.8.0",
        "path-parse": "^1.0.7",
        "supports-preserve-symlinks-flag": "^1.0.0"
      },
      "bin": {
        "resolve": "bin/resolve"
      },
      "funding": {
        "url": "https://github.com/sponsors/ljharb"
      }
    },
    "node_modules/shelljs": {
      "version": "0.8.5",
      "resolved": "https://registry.npmjs.org/shelljs/-/shelljs-0.8.5.tgz",
      "integrity": "sha512-TiwcRcrkhHvbrZbnRcFYMLl30Dfov3HKqzp5tO5b4pt6G/SezKcYhmDg15zXVBswHmctSAQKznqNW2LO5tTDow==",
      "dependencies": {
        "glob": "^7.0.0",
        "interpret": "^1.0.0",
        "rechoir": "^0.6.2"
      },
      "bin": {
        "shjs": "bin/shjs"
      },
      "engines": {
        "node": ">=4"
      }
    },
    "node_modules/supports-color": {
      "version": "9.2.1",
      "resolved": "https://registry.npmjs.org/supports-color/-/supports-color-9.2.1.tgz",
      "integrity": "sha512-Obv7ycoCTG51N7y175StI9BlAXrmgZrFhZOb0/PyjHBher/NmsdBgbbQ1Inhq+gIhz6+7Gb+jWF2Vqi7Mf1xnQ==",
      "engines": {
        "node": ">=12"
      },
      "funding": {
        "url": "https://github.com/chalk/supports-color?sponsor=1"
      }
    },
    "node_modules/supports-preserve-symlinks-flag": {
      "version": "1.0.0",
      "resolved": "https://registry.npmjs.org/supports-preserve-symlinks-flag/-/supports-preserve-symlinks-flag-1.0.0.tgz",
      "integrity": "sha512-ot0WnXS9fgdkgIcePe6RHNk1WA8+muPa6cSjeR3V8K27q9BB1rTE3R1p7Hv0z1ZyAc8s6Vvv8DIyWf681MAt0w==",
      "engines": {
        "node": ">= 0.4"
      },
      "funding": {
        "url": "https://github.com/sponsors/ljharb"
      }
    },
    "node_modules/uuid": {
      "version": "8.3.2",
      "resolved": "https://registry.npmjs.org/uuid/-/uuid-8.3.2.tgz",
      "integrity": "sha512-+NYs2QeMWy+GWFOEm9xnn6HCDp0l7QBD7ml8zLUmJ+93Q5NF0NocErnwkTkXVFNiX3/fpC6afS8Dhb/gz7R7eg==",
      "bin": {
        "uuid": "dist/bin/uuid"
      }
    },
    "node_modules/wrappy": {
      "version": "1.0.2",
      "resolved": "https://registry.npmjs.org/wrappy/-/wrappy-1.0.2.tgz",
      "integrity": "sha1-tSQ9jz7BqjXxNkYFvA0QNuMKtp8="
    },
    "node_modules/ws": {
      "version": "8.4.2",
      "resolved": "https://registry.npmjs.org/ws/-/ws-8.4.2.tgz",
      "integrity": "sha512-Kbk4Nxyq7/ZWqr/tarI9yIt/+iNNFOjBXEWgTb4ydaNHBNGgvf2QHbS9fdfsndfjFlFwEd4Al+mw83YkaD10ZA==",
      "engines": {
        "node": ">=10.0.0"
      },
      "peerDependencies": {
        "bufferutil": "^4.0.1",
        "utf-8-validate": "^5.0.2"
      },
      "peerDependenciesMeta": {
        "bufferutil": {
          "optional": true
        },
        "utf-8-validate": {
          "optional": true
        }
      }
    }
  },
  "dependencies": {
    "@types/node": {
      "version": "16.11.20",
      "resolved": "https://registry.npmjs.org/@types/node/-/node-16.11.20.tgz",
      "integrity": "sha512-lAKaZ0Lc1Umwd0AqLr6iy5U8u/1DpK7/JzNgQn9cMMUk2mFR8bbhEP8BQrI9Cm5CU0bOVCaWbkGBvgqKMOJHsw=="
    },
    "balanced-match": {
      "version": "1.0.2",
      "resolved": "https://registry.npmjs.org/balanced-match/-/balanced-match-1.0.2.tgz",
      "integrity": "sha512-3oSeUO0TMV67hN1AmbXsK4yaqU7tjiHlbxRDZOpH0KW9+CeX4bRAaX0Anxt0tx2MrpRpWwQaPwIlISEJhYU5Pw=="
    },
    "brace-expansion": {
      "version": "1.1.11",
      "resolved": "https://registry.npmjs.org/brace-expansion/-/brace-expansion-1.1.11.tgz",
      "integrity": "sha512-iCuPHDFgrHX7H2vEI/5xpz07zSHB00TpugqhmYtVmMO6518mCuRMoOYFldEBl0g187ufozdaHgWKcYFb61qGiA==",
      "requires": {
        "balanced-match": "^1.0.0",
        "concat-map": "0.0.1"
      }
    },
    "concat-map": {
      "version": "0.0.1",
      "resolved": "https://registry.npmjs.org/concat-map/-/concat-map-0.0.1.tgz",
      "integrity": "sha1-2Klr13/Wjfd5OnMDajug1UBdR3s="
    },
    "debug": {
      "version": "4.3.3",
      "resolved": "https://registry.npmjs.org/debug/-/debug-4.3.3.tgz",
      "integrity": "sha512-/zxw5+vh1Tfv+4Qn7a5nsbcJKPaSvCDhojn6FEl9vupwK2VCSDtEiEtqr8DFtzYFOdz63LBkxec7DYuc2jon6Q==",
      "requires": {
        "ms": "2.1.2"
      }
    },
    "fs.realpath": {
      "version": "1.0.0",
      "resolved": "https://registry.npmjs.org/fs.realpath/-/fs.realpath-1.0.0.tgz",
      "integrity": "sha1-FQStJSMVjKpA20onh8sBQRmU6k8="
    },
    "function-bind": {
      "version": "1.1.1",
      "resolved": "https://registry.npmjs.org/function-bind/-/function-bind-1.1.1.tgz",
      "integrity": "sha512-yIovAzMX49sF8Yl58fSCWJ5svSLuaibPxXQJFLmBObTuCr0Mf1KiPopGM9NiFjiYBCbfaa2Fh6breQ6ANVTI0A=="
    },
    "glob": {
      "version": "7.2.0",
      "resolved": "https://registry.npmjs.org/glob/-/glob-7.2.0.tgz",
      "integrity": "sha512-lmLf6gtyrPq8tTjSmrO94wBeQbFR3HbLHbuyD69wuyQkImp2hWqMGB47OX65FBkPffO641IP9jWa1z4ivqG26Q==",
      "requires": {
        "fs.realpath": "^1.0.0",
        "inflight": "^1.0.4",
        "inherits": "2",
        "minimatch": "^3.0.4",
        "once": "^1.3.0",
        "path-is-absolute": "^1.0.0"
      }
    },
    "h264-profile-level-id": {
      "version": "1.0.1",
      "resolved": "https://registry.npmjs.org/h264-profile-level-id/-/h264-profile-level-id-1.0.1.tgz",
      "integrity": "sha512-D3Rln/jKNjKDW5ZTJTK3niSoOGE+pFqPvRHHVgQN3G7umcn/zWGPUo8Q8VpDj16x3hKz++zVviRNRmXu5cpN+Q==",
      "requires": {
        "debug": "^4.1.1"
      }
    },
    "has": {
      "version": "1.0.3",
      "resolved": "https://registry.npmjs.org/has/-/has-1.0.3.tgz",
      "integrity": "sha512-f2dvO0VU6Oej7RkWJGrehjbzMAjFp5/VKPp5tTpWIV4JHHZK1/BxbFRtf/siA2SWTe09caDmVtYYzWEIbBS4zw==",
      "requires": {
        "function-bind": "^1.1.1"
      }
    },
    "inflight": {
      "version": "1.0.6",
      "resolved": "https://registry.npmjs.org/inflight/-/inflight-1.0.6.tgz",
      "integrity": "sha1-Sb1jMdfQLQwJvJEKEHW6gWW1bfk=",
      "requires": {
        "once": "^1.3.0",
        "wrappy": "1"
      }
    },
    "inherits": {
      "version": "2.0.4",
      "resolved": "https://registry.npmjs.org/inherits/-/inherits-2.0.4.tgz",
      "integrity": "sha512-k/vGaX4/Yla3WzyMCvTQOXYeIHvqOKtnqBduzTHpzpQZzAskKMhZ2K+EnBiSM9zGSoIFeMpXKxa4dYeZIQqewQ=="
    },
    "interpret": {
      "version": "1.4.0",
      "resolved": "https://registry.npmjs.org/interpret/-/interpret-1.4.0.tgz",
      "integrity": "sha512-agE4QfB2Lkp9uICn7BAqoscw4SZP9kTE2hxiFI3jBPmXJfdqiahTbUuKGsMoN2GtqL9AxhYioAcVvgsb1HvRbA=="
    },
    "is-core-module": {
      "version": "2.8.1",
      "resolved": "https://registry.npmjs.org/is-core-module/-/is-core-module-2.8.1.tgz",
      "integrity": "sha512-SdNCUs284hr40hFTFP6l0IfZ/RSrMXF3qgoRHd3/79unUTvrFO/JoXwkGm+5J/Oe3E/b5GsnG330uUNgRpu1PA==",
      "requires": {
        "has": "^1.0.3"
      }
    },
    "mediasoup": {
      "version": "3.9.5",
      "resolved": "https://registry.npmjs.org/mediasoup/-/mediasoup-3.9.5.tgz",
      "integrity": "sha512-8lISnN5cbtSvdqHeuyxhCTFTHudoq/EpgLcDB0d0pT5RG18mZlHF5BwIBSkGxB/nWyeTfTGPpGBiNtKoubbRXA==",
      "requires": {
        "@types/node": "^16.11.10",
        "debug": "^4.3.3",
        "h264-profile-level-id": "^1.0.1",
        "random-number": "^0.0.9",
        "supports-color": "^9.2.1",
        "uuid": "^8.3.2"
      }
    },
    "minimatch": {
      "version": "3.0.4",
      "resolved": "https://registry.npmjs.org/minimatch/-/minimatch-3.0.4.tgz",
      "integrity": "sha512-yJHVQEhyqPLUTgt9B83PXu6W3rx4MvvHvSUvToogpwoGDOUQ+yDrR0HRot+yOCdCO7u4hX3pWft6kWBBcqh0UA==",
      "requires": {
        "brace-expansion": "^1.1.7"
      }
    },
    "ms": {
      "version": "2.1.2",
      "resolved": "https://registry.npmjs.org/ms/-/ms-2.1.2.tgz",
      "integrity": "sha512-sGkPx+VjMtmA6MX27oA4FBFELFCZZ4S4XqeGOXCv68tT+jb3vk/RyaKWP0PTKyWtmLSM0b+adUTEvbs1PEaH2w=="
    },
    "once": {
      "version": "1.4.0",
      "resolved": "https://registry.npmjs.org/once/-/once-1.4.0.tgz",
      "integrity": "sha1-WDsap3WWHUsROsF9nFC6753Xa9E=",
      "requires": {
        "wrappy": "1"
      }
    },
    "path-is-absolute": {
      "version": "1.0.1",
      "resolved": "https://registry.npmjs.org/path-is-absolute/-/path-is-absolute-1.0.1.tgz",
      "integrity": "sha1-F0uSaHNVNP+8es5r9TpanhtcX18="
    },
    "path-parse": {
      "version": "1.0.7",
      "resolved": "https://registry.npmjs.org/path-parse/-/path-parse-1.0.7.tgz",
      "integrity": "sha512-LDJzPVEEEPR+y48z93A0Ed0yXb8pAByGWo/k5YYdYgpY2/2EsOsksJrq7lOHxryrVOn1ejG6oAp8ahvOIQD8sw=="
    },
    "random-number": {
      "version": "0.0.9",
      "resolved": "https://registry.npmjs.org/random-number/-/random-number-0.0.9.tgz",
      "integrity": "sha512-ipG3kRCREi/YQpi2A5QGcvDz1KemohovWmH6qGfboVyyGdR2t/7zQz0vFxrfxpbHQgPPdtVlUDaks3aikD1Ljw=="
    },
    "rechoir": {
      "version": "0.6.2",
      "resolved": "https://registry.npmjs.org/rechoir/-/rechoir-0.6.2.tgz",
      "integrity": "sha1-hSBLVNuoLVdC4oyWdW70OvUOM4Q=",
      "requires": {
        "resolve": "^1.1.6"
      }
    },
    "resolve": {
      "version": "1.21.0",
      "resolved": "https://registry.npmjs.org/resolve/-/resolve-1.21.0.tgz",
      "integrity": "sha512-3wCbTpk5WJlyE4mSOtDLhqQmGFi0/TD9VPwmiolnk8U0wRgMEktqCXd3vy5buTO3tljvalNvKrjHEfrd2WpEKA==",
      "requires": {
        "is-core-module": "^2.8.0",
        "path-parse": "^1.0.7",
        "supports-preserve-symlinks-flag": "^1.0.0"
      }
    },
    "shelljs": {
      "version": "0.8.5",
      "resolved": "https://registry.npmjs.org/shelljs/-/shelljs-0.8.5.tgz",
      "integrity": "sha512-TiwcRcrkhHvbrZbnRcFYMLl30Dfov3HKqzp5tO5b4pt6G/SezKcYhmDg15zXVBswHmctSAQKznqNW2LO5tTDow==",
      "requires": {
        "glob": "^7.0.0",
        "interpret": "^1.0.0",
        "rechoir": "^0.6.2"
      }
    },
    "supports-color": {
      "version": "9.2.1",
      "resolved": "https://registry.npmjs.org/supports-color/-/supports-color-9.2.1.tgz",
      "integrity": "sha512-Obv7ycoCTG51N7y175StI9BlAXrmgZrFhZOb0/PyjHBher/NmsdBgbbQ1Inhq+gIhz6+7Gb+jWF2Vqi7Mf1xnQ=="
    },
    "supports-preserve-symlinks-flag": {
      "version": "1.0.0",
      "resolved": "https://registry.npmjs.org/supports-preserve-symlinks-flag/-/supports-preserve-symlinks-flag-1.0.0.tgz",
      "integrity": "sha512-ot0WnXS9fgdkgIcePe6RHNk1WA8+muPa6cSjeR3V8K27q9BB1rTE3R1p7Hv0z1ZyAc8s6Vvv8DIyWf681MAt0w=="
    },
    "uuid": {
      "version": "8.3.2",
      "resolved": "https://registry.npmjs.org/uuid/-/uuid-8.3.2.tgz",
      "integrity": "sha512-+NYs2QeMWy+GWFOEm9xnn6HCDp0l7QBD7ml8zLUmJ+93Q5NF0NocErnwkTkXVFNiX3/fpC6afS8Dhb/gz7R7eg=="
    },
    "wrappy": {
      "version": "1.0.2",
      "resolved": "https://registry.npmjs.org/wrappy/-/wrappy-1.0.2.tgz",
      "integrity": "sha1-tSQ9jz7BqjXxNkYFvA0QNuMKtp8="
    },
    "ws": {
      "version": "8.4.2",
      "resolved": "https://registry.npmjs.org/ws/-/ws-8.4.2.tgz",
      "integrity": "sha512-Kbk4Nxyq7/ZWqr/tarI9yIt/+iNNFOjBXEWgTb4ydaNHBNGgvf2QHbS9fdfsndfjFlFwEd4Al+mw83YkaD10ZA==",
      "requires": {}
    }
  }
}
